
Microsoft Visual Studio Solution File, Format Version 12.00
# Visual Studio Version 16
VisualStudioVersion = 16.0.30011.22
MinimumVisualStudioVersion = 10.0.40219.1
Project("{FAE04EC0-301F-11D3-BF4B-00C04F79EFBC}") = "StakeCubeFaucetBot", "StakeCubeFaucetBot\StakeCubeFaucetBot.csproj", "{A0BDB522-6145-4AEE-BA3A-B17AA2C56EF2}"
EndProject
Global
	GlobalSection(SolutionConfigurationPlatforms) = preSolution
		Debug|Any CPU = Debug|Any CPU
		Release|Any CPU = Release|Any CPU
	EndGlobalSection
	GlobalSection(ProjectConfigurationPlatforms) = postSolution
		{A0BDB522-6145-4AEE-BA3A-B17AA2C56EF2}.Debug|Any CPU.ActiveCfg = Debug|Any CPU
		{A0BDB522-6145-4AEE-BA3A-B17AA2C56EF2}.Debug|Any CPU.Build.0 = Debug|Any CPU
		{A0BDB522-6145-4AEE-BA3A-B17AA2C56EF2}.Release|Any CPU.ActiveCfg = Release|Any CPU
		{A0BDB522-6145-4AEE-BA3A-B17AA2C56EF2}.Release|Any CPU.Build.0 = Release|Any CPU
	EndGlobalSection
	GlobalSection(SolutionProperties) = preSolution
		HideSolutionNode = FALSE
	EndGlobalSection
	GlobalSection(ExtensibilityGlobals) = postSolution
		SolutionGuid = {FD2EE344-DECF-4F6E-AD85-B1F5FC666A54}
	EndGlobalSection
EndGlobal
